// !$*UTF8*$!
{
	archiveVersion = 1;
	classes = {
	};
	objectVersion = 46;
	objects = {

/* Begin PBXBuildFile section */
		7ED4070F1C51543100EBA64B /* AppDelegate.swift in Sources */ = {isa = PBXBuildFile; fileRef = 7ED4070E1C51543100EBA64B /* AppDelegate.swift */; };
		7ED407111C51543100EBA64B /* ViewController.swift in Sources */ = {isa = PBXBuildFile; fileRef = 7ED407101C51543100EBA64B /* ViewController.swift */; };
		7ED407141C51543100EBA64B /* Main.storyboard in Resources */ = {isa = PBXBuildFile; fileRef = 7ED407121C51543100EBA64B /* Main.storyboard */; };
		7ED407161C51543100EBA64B /* Assets.xcassets in Resources */ = {isa = PBXBuildFile; fileRef = 7ED407151C51543100EBA64B /* Assets.xcassets */; };
		7ED407191C51543100EBA64B /* LaunchScreen.storyboard in Resources */ = {isa = PBXBuildFile; fileRef = 7ED407171C51543100EBA64B /* LaunchScreen.storyboard */; };
		7ED407241C51548C00EBA64B /* DebugView.swift in Sources */ = {isa = PBXBuildFile; fileRef = 7ED4071F1C51548C00EBA64B /* DebugView.swift */; };
		7ED407251C51548C00EBA64B /* FrameCacheView.swift in Sources */ = {isa = PBXBuildFile; fileRef = 7ED407201C51548C00EBA64B /* FrameCacheView.swift */; };
		7ED407261C51548C00EBA64B /* hi.gif in Resources */ = {isa = PBXBuildFile; fileRef = 7ED407211C51548C00EBA64B /* hi.gif */; };
		7ED407271C51548C00EBA64B /* low.gif in Resources */ = {isa = PBXBuildFile; fileRef = 7ED407221C51548C00EBA64B /* low.gif */; };
		7ED407281C51548C00EBA64B /* mid.gif in Resources */ = {isa = PBXBuildFile; fileRef = 7ED407231C51548C00EBA64B /* mid.gif */; };
		7ED407311C5154B800EBA64B /* XAnimatedImage.h in Headers */ = {isa = PBXBuildFile; fileRef = 7ED407301C5154B800EBA64B /* XAnimatedImage.h */; settings = {ATTRIBUTES = (Public, ); }; };
		7ED407381C5154B800EBA64B /* XAnimatedImage.framework in Frameworks */ = {isa = PBXBuildFile; fileRef = 7ED4072E1C5154B800EBA64B /* XAnimatedImage.framework */; };
		7ED4073D1C5154B900EBA64B /* XAnimatedImageTests.swift in Sources */ = {isa = PBXBuildFile; fileRef = 7ED4073C1C5154B900EBA64B /* XAnimatedImageTests.swift */; };
		7ED407481C51550B00EBA64B /* XAnimatedImage.swift in Sources */ = {isa = PBXBuildFile; fileRef = 7ED407451C51550B00EBA64B /* XAnimatedImage.swift */; };
		7ED407491C51550B00EBA64B /* XAnimatedImageView.swift in Sources */ = {isa = PBXBuildFile; fileRef = 7ED407461C51550B00EBA64B /* XAnimatedImageView.swift */; };
		7ED4074A1C51550B00EBA64B /* XWeakProxy.swift in Sources */ = {isa = PBXBuildFile; fileRef = 7ED407471C51550B00EBA64B /* XWeakProxy.swift */; };
		7ED4074B1C51554500EBA64B /* XAnimatedImage.framework in Frameworks */ = {isa = PBXBuildFile; fileRef = 7ED4072E1C5154B800EBA64B /* XAnimatedImage.framework */; };
		7ED4074C1C51554500EBA64B /* XAnimatedImage.framework in Embed Frameworks */ = {isa = PBXBuildFile; fileRef = 7ED4072E1C5154B800EBA64B /* XAnimatedImage.framework */; settings = {ATTRIBUTES = (CodeSignOnCopy, RemoveHeadersOnCopy, ); }; };
/* End PBXBuildFile section */

/* Begin PBXContainerItemProxy section */
		7ED407391C5154B800EBA64B /* PBXContainerItemProxy */ = {
			isa = PBXContainerItemProxy;
			containerPortal = EA5BB08D1C050CD000ED2FF5 /* Project object */;
			proxyType = 1;
			remoteGlobalIDString = 7ED4072D1C5154B800EBA64B;
			remoteInfo = XAnimatedImage;
		};
		7ED4074D1C51554500EBA64B /* PBXContainerItemProxy */ = {
			isa = PBXContainerItemProxy;
			containerPortal = EA5BB08D1C050CD000ED2FF5 /* Project object */;
			proxyType = 1;
			remoteGlobalIDString = 7ED4072D1C5154B800EBA64B;
			remoteInfo = XAnimatedImage;
		};
/* End PBXContainerItemProxy section */

/* Begin PBXCopyFilesBuildPhase section */
		7ED4074F1C51554500EBA64B /* Embed Frameworks */ = {
			isa = PBXCopyFilesBuildPhase;
			buildActionMask = 2147483647;
			dstPath = "";
			dstSubfolderSpec = 10;
			files = (
				7ED4074C1C51554500EBA64B /* XAnimatedImage.framework in Embed Frameworks */,
			);
			name = "Embed Frameworks";
			runOnlyForDeploymentPostprocessing = 0;
		};
/* End PBXCopyFilesBuildPhase section */

/* Begin PBXFileReference section */
		7ED4070C1C51543100EBA64B /* XAnimatedImageDemo.app */ = {isa = PBXFileReference; explicitFileType = wrapper.application; includeInIndex = 0; path = XAnimatedImageDemo.app; sourceTree = BUILT_PRODUCTS_DIR; };
		7ED4070E1C51543100EBA64B /* AppDelegate.swift */ = {isa = PBXFileReference; lastKnownFileType = sourcecode.swift; path = AppDelegate.swift; sourceTree = "<group>"; };
		7ED407101C51543100EBA64B /* ViewController.swift */ = {isa = PBXFileReference; lastKnownFileType = sourcecode.swift; path = ViewController.swift; sourceTree = "<group>"; };
		7ED407131C51543100EBA64B /* Base */ = {isa = PBXFileReference; lastKnownFileType = file.storyboard; name = Base; path = Base.lproj/Main.storyboard; sourceTree = "<group>"; };
		7ED407151C51543100EBA64B /* Assets.xcassets */ = {isa = PBXFileReference; lastKnownFileType = folder.assetcatalog; path = Assets.xcassets; sourceTree = "<group>"; };
		7ED407181C51543100EBA64B /* Base */ = {isa = PBXFileReference; lastKnownFileType = file.storyboard; name = Base; path = Base.lproj/LaunchScreen.storyboard; sourceTree = "<group>"; };
		7ED4071A1C51543100EBA64B /* Info.plist */ = {isa = PBXFileReference; lastKnownFileType = text.plist.xml; path = Info.plist; sourceTree = "<group>"; };
		7ED4071F1C51548C00EBA64B /* DebugView.swift */ = {isa = PBXFileReference; fileEncoding = 4; lastKnownFileType = sourcecode.swift; name = DebugView.swift; path = ../../../../Desktop/XAnimatedImage/DebugView.swift; sourceTree = "<group>"; };
		7ED407201C51548C00EBA64B /* FrameCacheView.swift */ = {isa = PBXFileReference; fileEncoding = 4; lastKnownFileType = sourcecode.swift; name = FrameCacheView.swift; path = ../../../../Desktop/XAnimatedImage/FrameCacheView.swift; sourceTree = "<group>"; };
		7ED407211C51548C00EBA64B /* hi.gif */ = {isa = PBXFileReference; lastKnownFileType = image.gif; name = hi.gif; path = ../../../../Desktop/XAnimatedImage/hi.gif; sourceTree = "<group>"; };
		7ED407221C51548C00EBA64B /* low.gif */ = {isa = PBXFileReference; lastKnownFileType = image.gif; name = low.gif; path = ../../../../Desktop/XAnimatedImage/low.gif; sourceTree = "<group>"; };
		7ED407231C51548C00EBA64B /* mid.gif */ = {isa = PBXFileReference; lastKnownFileType = image.gif; name = mid.gif; path = ../../../../Desktop/XAnimatedImage/mid.gif; sourceTree = "<group>"; };
		7ED4072E1C5154B800EBA64B /* XAnimatedImage.framework */ = {isa = PBXFileReference; explicitFileType = wrapper.framework; includeInIndex = 0; path = XAnimatedImage.framework; sourceTree = BUILT_PRODUCTS_DIR; };
		7ED407301C5154B800EBA64B /* XAnimatedImage.h */ = {isa = PBXFileReference; lastKnownFileType = sourcecode.c.h; path = XAnimatedImage.h; sourceTree = "<group>"; };
		7ED407321C5154B800EBA64B /* Info.plist */ = {isa = PBXFileReference; lastKnownFileType = text.plist.xml; path = Info.plist; sourceTree = "<group>"; };
		7ED407371C5154B800EBA64B /* XAnimatedImageTests.xctest */ = {isa = PBXFileReference; explicitFileType = wrapper.cfbundle; includeInIndex = 0; path = XAnimatedImageTests.xctest; sourceTree = BUILT_PRODUCTS_DIR; };
		7ED4073C1C5154B900EBA64B /* XAnimatedImageTests.swift */ = {isa = PBXFileReference; lastKnownFileType = sourcecode.swift; path = XAnimatedImageTests.swift; sourceTree = "<group>"; };
		7ED4073E1C5154B900EBA64B /* Info.plist */ = {isa = PBXFileReference; lastKnownFileType = text.plist.xml; path = Info.plist; sourceTree = "<group>"; };
		7ED407451C51550B00EBA64B /* XAnimatedImage.swift */ = {isa = PBXFileReference; fileEncoding = 4; lastKnownFileType = sourcecode.swift; path = XAnimatedImage.swift; sourceTree = "<group>"; };
		7ED407461C51550B00EBA64B /* XAnimatedImageView.swift */ = {isa = PBXFileReference; fileEncoding = 4; lastKnownFileType = sourcecode.swift; path = XAnimatedImageView.swift; sourceTree = "<group>"; };
		7ED407471C51550B00EBA64B /* XWeakProxy.swift */ = {isa = PBXFileReference; fileEncoding = 4; lastKnownFileType = sourcecode.swift; path = XWeakProxy.swift; sourceTree = "<group>"; };
/* End PBXFileReference section */

/* Begin PBXFrameworksBuildPhase section */
		7ED407091C51543100EBA64B /* Frameworks */ = {
			isa = PBXFrameworksBuildPhase;
			buildActionMask = 2147483647;
			files = (
				7ED4074B1C51554500EBA64B /* XAnimatedImage.framework in Frameworks */,
			);
			runOnlyForDeploymentPostprocessing = 0;
		};
		7ED4072A1C5154B800EBA64B /* Frameworks */ = {
			isa = PBXFrameworksBuildPhase;
			buildActionMask = 2147483647;
			files = (
			);
			runOnlyForDeploymentPostprocessing = 0;
		};
		7ED407341C5154B800EBA64B /* Frameworks */ = {
			isa = PBXFrameworksBuildPhase;
			buildActionMask = 2147483647;
			files = (
				7ED407381C5154B800EBA64B /* XAnimatedImage.framework in Frameworks */,
			);
			runOnlyForDeploymentPostprocessing = 0;
		};
/* End PBXFrameworksBuildPhase section */

/* Begin PBXGroup section */
		7ED4070D1C51543100EBA64B /* XAnimatedImageDemo */ = {
			isa = PBXGroup;
			children = (
				7ED4070E1C51543100EBA64B /* AppDelegate.swift */,
				7ED407101C51543100EBA64B /* ViewController.swift */,
				7ED407121C51543100EBA64B /* Main.storyboard */,
				7ED407151C51543100EBA64B /* Assets.xcassets */,
				7ED407171C51543100EBA64B /* LaunchScreen.storyboard */,
				7ED4071A1C51543100EBA64B /* Info.plist */,
				7ED4071E1C51547100EBA64B /* Others */,
			);
			path = XAnimatedImageDemo;
			sourceTree = "<group>";
		};
		7ED4071E1C51547100EBA64B /* Others */ = {
			isa = PBXGroup;
			children = (
				7ED4071F1C51548C00EBA64B /* DebugView.swift */,
				7ED407201C51548C00EBA64B /* FrameCacheView.swift */,
				7ED407211C51548C00EBA64B /* hi.gif */,
				7ED407221C51548C00EBA64B /* low.gif */,
				7ED407231C51548C00EBA64B /* mid.gif */,
			);
			name = Others;
			sourceTree = "<group>";
		};
		7ED4072F1C5154B800EBA64B /* XAnimatedImage */ = {
			isa = PBXGroup;
			children = (
				7ED407451C51550B00EBA64B /* XAnimatedImage.swift */,
				7ED407461C51550B00EBA64B /* XAnimatedImageView.swift */,
				7ED407471C51550B00EBA64B /* XWeakProxy.swift */,
				7ED407301C5154B800EBA64B /* XAnimatedImage.h */,
				7ED407321C5154B800EBA64B /* Info.plist */,
			);
			path = XAnimatedImage;
			sourceTree = "<group>";
		};
		7ED4073B1C5154B900EBA64B /* XAnimatedImageTests */ = {
			isa = PBXGroup;
			children = (
				7ED4073C1C5154B900EBA64B /* XAnimatedImageTests.swift */,
				7ED4073E1C5154B900EBA64B /* Info.plist */,
			);
			path = XAnimatedImageTests;
			sourceTree = "<group>";
		};
		EA5BB08C1C050CD000ED2FF5 = {
			isa = PBXGroup;
			children = (
				7ED4070D1C51543100EBA64B /* XAnimatedImageDemo */,
				7ED4072F1C5154B800EBA64B /* XAnimatedImage */,
				7ED4073B1C5154B900EBA64B /* XAnimatedImageTests */,
				EA5BB0961C050CD000ED2FF5 /* Products */,
			);
			sourceTree = "<group>";
		};
		EA5BB0961C050CD000ED2FF5 /* Products */ = {
			isa = PBXGroup;
			children = (
				7ED4070C1C51543100EBA64B /* XAnimatedImageDemo.app */,
				7ED4072E1C5154B800EBA64B /* XAnimatedImage.framework */,
				7ED407371C5154B800EBA64B /* XAnimatedImageTests.xctest */,
			);
			name = Products;
			sourceTree = "<group>";
		};
/* End PBXGroup section */

/* Begin PBXHeadersBuildPhase section */
		7ED4072B1C5154B800EBA64B /* Headers */ = {
			isa = PBXHeadersBuildPhase;
			buildActionMask = 2147483647;
			files = (
				7ED407311C5154B800EBA64B /* XAnimatedImage.h in Headers */,
			);
			runOnlyForDeploymentPostprocessing = 0;
		};
/* End PBXHeadersBuildPhase section */

/* Begin PBXNativeTarget section */
		7ED4070B1C51543100EBA64B /* XAnimatedImageDemo */ = {
			isa = PBXNativeTarget;
			buildConfigurationList = 7ED4071B1C51543100EBA64B /* Build configuration list for PBXNativeTarget "XAnimatedImageDemo" */;
			buildPhases = (
				7ED407081C51543100EBA64B /* Sources */,
				7ED407091C51543100EBA64B /* Frameworks */,
				7ED4070A1C51543100EBA64B /* Resources */,
				7ED4074F1C51554500EBA64B /* Embed Frameworks */,
			);
			buildRules = (
			);
			dependencies = (
				7ED4074E1C51554500EBA64B /* PBXTargetDependency */,
			);
			name = XAnimatedImageDemo;
			productName = XAnimatedImageDemo;
			productReference = 7ED4070C1C51543100EBA64B /* XAnimatedImageDemo.app */;
			productType = "com.apple.product-type.application";
		};
		7ED4072D1C5154B800EBA64B /* XAnimatedImage */ = {
			isa = PBXNativeTarget;
			buildConfigurationList = 7ED4073F1C5154B900EBA64B /* Build configuration list for PBXNativeTarget "XAnimatedImage" */;
			buildPhases = (
				7ED407291C5154B800EBA64B /* Sources */,
				7ED4072A1C5154B800EBA64B /* Frameworks */,
				7ED4072B1C5154B800EBA64B /* Headers */,
				7ED4072C1C5154B800EBA64B /* Resources */,
			);
			buildRules = (
			);
			dependencies = (
			);
			name = XAnimatedImage;
			productName = XAnimatedImage;
			productReference = 7ED4072E1C5154B800EBA64B /* XAnimatedImage.framework */;
			productType = "com.apple.product-type.framework";
		};
		7ED407361C5154B800EBA64B /* XAnimatedImageTests */ = {
			isa = PBXNativeTarget;
			buildConfigurationList = 7ED407421C5154B900EBA64B /* Build configuration list for PBXNativeTarget "XAnimatedImageTests" */;
			buildPhases = (
				7ED407331C5154B800EBA64B /* Sources */,
				7ED407341C5154B800EBA64B /* Frameworks */,
				7ED407351C5154B800EBA64B /* Resources */,
			);
			buildRules = (
			);
			dependencies = (
				7ED4073A1C5154B800EBA64B /* PBXTargetDependency */,
			);
			name = XAnimatedImageTests;
			productName = XAnimatedImageTests;
			productReference = 7ED407371C5154B800EBA64B /* XAnimatedImageTests.xctest */;
			productType = "com.apple.product-type.bundle.unit-test";
		};
/* End PBXNativeTarget section */

/* Begin PBXProject section */
		EA5BB08D1C050CD000ED2FF5 /* Project object */ = {
			isa = PBXProject;
			attributes = {
				LastSwiftUpdateCheck = 0720;
				LastUpgradeCheck = 0710;
				ORGANIZATIONNAME = "Khaled Taha";
				TargetAttributes = {
					7ED4070B1C51543100EBA64B = {
						CreatedOnToolsVersion = 7.2;
					};
					7ED4072D1C5154B800EBA64B = {
						CreatedOnToolsVersion = 7.2;
					};
					7ED407361C5154B800EBA64B = {
						CreatedOnToolsVersion = 7.2;
					};
				};
			};
			buildConfigurationList = EA5BB0901C050CD000ED2FF5 /* Build configuration list for PBXProject "XAnimatedImage" */;
			compatibilityVersion = "Xcode 3.2";
			developmentRegion = English;
			hasScannedForEncodings = 0;
			knownRegions = (
				en,
				Base,
			);
			mainGroup = EA5BB08C1C050CD000ED2FF5;
			productRefGroup = EA5BB0961C050CD000ED2FF5 /* Products */;
			projectDirPath = "";
			projectRoot = "";
			targets = (
				7ED4070B1C51543100EBA64B /* XAnimatedImageDemo */,
				7ED4072D1C5154B800EBA64B /* XAnimatedImage */,
				7ED407361C5154B800EBA64B /* XAnimatedImageTests */,
			);
		};
/* End PBXProject section */

/* Begin PBXResourcesBuildPhase section */
		7ED4070A1C51543100EBA64B /* Resources */ = {
			isa = PBXResourcesBuildPhase;
			buildActionMask = 2147483647;
			files = (
				7ED407271C51548C00EBA64B /* low.gif in Resources */,
				7ED407191C51543100EBA64B /* LaunchScreen.storyboard in Resources */,
				7ED407161C51543100EBA64B /* Assets.xcassets in Resources */,
				7ED407281C51548C00EBA64B /* mid.gif in Resources */,
				7ED407141C51543100EBA64B /* Main.storyboard in Resources */,
				7ED407261C51548C00EBA64B /* hi.gif in Resources */,
			);
			runOnlyForDeploymentPostprocessing = 0;
		};
		7ED4072C1C5154B800EBA64B /* Resources */ = {
			isa = PBXResourcesBuildPhase;
			buildActionMask = 2147483647;
			files = (
			);
			runOnlyForDeploymentPostprocessing = 0;
		};
		7ED407351C5154B800EBA64B /* Resources */ = {
			isa = PBXResourcesBuildPhase;
			buildActionMask = 2147483647;
			files = (
			);
			runOnlyForDeploymentPostprocessing = 0;
		};
/* End PBXResourcesBuildPhase section */

/* Begin PBXSourcesBuildPhase section */
		7ED407081C51543100EBA64B /* Sources */ = {
			isa = PBXSourcesBuildPhase;
			buildActionMask = 2147483647;
			files = (
				7ED407241C51548C00EBA64B /* DebugView.swift in Sources */,
				7ED407251C51548C00EBA64B /* FrameCacheView.swift in Sources */,
				7ED407111C51543100EBA64B /* ViewController.swift in Sources */,
				7ED4070F1C51543100EBA64B /* AppDelegate.swift in Sources */,
			);
			runOnlyForDeploymentPostprocessing = 0;
		};
		7ED407291C5154B800EBA64B /* Sources */ = {
			isa = PBXSourcesBuildPhase;
			buildActionMask = 2147483647;
			files = (
				7ED407491C51550B00EBA64B /* XAnimatedImageView.swift in Sources */,
				7ED4074A1C51550B00EBA64B /* XWeakProxy.swift in Sources */,
				7ED407481C51550B00EBA64B /* XAnimatedImage.swift in Sources */,
			);
			runOnlyForDeploymentPostprocessing = 0;
		};
		7ED407331C5154B800EBA64B /* Sources */ = {
			isa = PBXSourcesBuildPhase;
			buildActionMask = 2147483647;
			files = (
				7ED4073D1C5154B900EBA64B /* XAnimatedImageTests.swift in Sources */,
			);
			runOnlyForDeploymentPostprocessing = 0;
		};
/* End PBXSourcesBuildPhase section */

/* Begin PBXTargetDependency section */
		7ED4073A1C5154B800EBA64B /* PBXTargetDependency */ = {
			isa = PBXTargetDependency;
			target = 7ED4072D1C5154B800EBA64B /* XAnimatedImage */;
			targetProxy = 7ED407391C5154B800EBA64B /* PBXContainerItemProxy */;
		};
		7ED4074E1C51554500EBA64B /* PBXTargetDependency */ = {
			isa = PBXTargetDependency;
			target = 7ED4072D1C5154B800EBA64B /* XAnimatedImage */;
			targetProxy = 7ED4074D1C51554500EBA64B /* PBXContainerItemProxy */;
		};
/* End PBXTargetDependency section */

/* Begin PBXVariantGroup section */
		7ED407121C51543100EBA64B /* Main.storyboard */ = {
			isa = PBXVariantGroup;
			children = (
				7ED407131C51543100EBA64B /* Base */,
			);
			name = Main.storyboard;
			sourceTree = "<group>";
		};
		7ED407171C51543100EBA64B /* LaunchScreen.storyboard */ = {
			isa = PBXVariantGroup;
			children = (
				7ED407181C51543100EBA64B /* Base */,
			);
			name = LaunchScreen.storyboard;
			sourceTree = "<group>";
		};
/* End PBXVariantGroup section */

/* Begin XCBuildConfiguration section */
		7ED4071C1C51543100EBA64B /* Debug */ = {
			isa = XCBuildConfiguration;
			buildSettings = {
				ASSETCATALOG_COMPILER_APPICON_NAME = AppIcon;
				EMBEDDED_CONTENT_CONTAINS_SWIFT = YES;
				INFOPLIST_FILE = XAnimatedImageDemo/Info.plist;
				IPHONEOS_DEPLOYMENT_TARGET = 8.0;
				LD_RUNPATH_SEARCH_PATHS = "$(inherited) @executable_path/Frameworks";
				PRODUCT_BUNDLE_IDENTIFIER = tahakhaled.XAnimatedImageDemo;
				PRODUCT_NAME = "$(TARGET_NAME)";
				TARGETED_DEVICE_FAMILY = "1,2";
			};
			name = Debug;
		};
		7ED4071D1C51543100EBA64B /* Release */ = {
			isa = XCBuildConfiguration;
			buildSettings = {
				ASSETCATALOG_COMPILER_APPICON_NAME = AppIcon;
				EMBEDDED_CONTENT_CONTAINS_SWIFT = YES;
				INFOPLIST_FILE = XAnimatedImageDemo/Info.plist;
				IPHONEOS_DEPLOYMENT_TARGET = 8.0;
				LD_RUNPATH_SEARCH_PATHS = "$(inherited) @executable_path/Frameworks";
				PRODUCT_BUNDLE_IDENTIFIER = tahakhaled.XAnimatedImageDemo;
				PRODUCT_NAME = "$(TARGET_NAME)";
				TARGETED_DEVICE_FAMILY = "1,2";
			};
			name = Release;
		};
		7ED407401C5154B900EBA64B /* Debug */ = {
			isa = XCBuildConfiguration;
			buildSettings = {
				CLANG_ENABLE_MODULES = YES;
				CURRENT_PROJECT_VERSION = 1;
				DEFINES_MODULE = YES;
				DYLIB_COMPATIBILITY_VERSION = 1;
				DYLIB_CURRENT_VERSION = 1;
				DYLIB_INSTALL_NAME_BASE = "@rpath";
				INFOPLIST_FILE = XAnimatedImage/Info.plist;
				INSTALL_PATH = "$(LOCAL_LIBRARY_DIR)/Frameworks";
				IPHONEOS_DEPLOYMENT_TARGET = 8.0;
				LD_RUNPATH_SEARCH_PATHS = "$(inherited) @executable_path/Frameworks @loader_path/Frameworks";
				PRODUCT_BUNDLE_IDENTIFIER = tahakhaled.XAnimatedImage;
				PRODUCT_NAME = "$(TARGET_NAME)";
				SKIP_INSTALL = YES;
				SWIFT_OPTIMIZATION_LEVEL = "-Onone";
				TARGETED_DEVICE_FAMILY = "1,2";
				VERSIONING_SYSTEM = "apple-generic";
				VERSION_INFO_PREFIX = "";
			};
			name = Debug;
		};
		7ED407411C5154B900EBA64B /* Release */ = {
			isa = XCBuildConfiguration;
			buildSettings = {
				CLANG_ENABLE_MODULES = YES;
				CURRENT_PROJECT_VERSION = 1;
				DEFINES_MODULE = YES;
				DYLIB_COMPATIBILITY_VERSION = 1;
				DYLIB_CURRENT_VERSION = 1;
				DYLIB_INSTALL_NAME_BASE = "@rpath";
				INFOPLIST_FILE = XAnimatedImage/Info.plist;
				INSTALL_PATH = "$(LOCAL_LIBRARY_DIR)/Frameworks";
				IPHONEOS_DEPLOYMENT_TARGET = 8.0;
				LD_RUNPATH_SEARCH_PATHS = "$(inherited) @executable_path/Frameworks @loader_path/Frameworks";
				PRODUCT_BUNDLE_IDENTIFIER = tahakhaled.XAnimatedImage;
				PRODUCT_NAME = "$(TARGET_NAME)";
				SKIP_INSTALL = YES;
				TARGETED_DEVICE_FAMILY = "1,2";
				VERSIONING_SYSTEM = "apple-generic";
				VERSION_INFO_PREFIX = "";
			};
			name = Release;
		};
		7ED407431C5154B900EBA64B /* Debug */ = {
			isa = XCBuildConfiguration;
			buildSettings = {
				INFOPLIST_FILE = XAnimatedImageTests/Info.plist;
				IPHONEOS_DEPLOYMENT_TARGET = 9.2;
				LD_RUNPATH_SEARCH_PATHS = "$(inherited) @executable_path/Frameworks @loader_path/Frameworks";
				PRODUCT_BUNDLE_IDENTIFIER = tahakhaled.XAnimatedImageTests;
				PRODUCT_NAME = "$(TARGET_NAME)";
			};
			name = Debug;
		};
		7ED407441C5154B900EBA64B /* Release */ = {
			isa = XCBuildConfiguration;
			buildSettings = {
				INFOPLIST_FILE = XAnimatedImageTests/Info.plist;
				IPHONEOS_DEPLOYMENT_TARGET = 9.2;
				LD_RUNPATH_SEARCH_PATHS = "$(inherited) @executable_path/Frameworks @loader_path/Frameworks";
				PRODUCT_BUNDLE_IDENTIFIER = tahakhaled.XAnimatedImageTests;
				PRODUCT_NAME = "$(TARGET_NAME)";
			};
			name = Release;
		};
		EA5BB0BB1C050CD000ED2FF5 /* Debug */ = {
			isa = XCBuildConfiguration;
			buildSettings = {
				ALWAYS_SEARCH_USER_PATHS = NO;
				CLANG_CXX_LANGUAGE_STANDARD = "gnu++0x";
				CLANG_CXX_LIBRARY = "libc++";
				CLANG_ENABLE_MODULES = YES;
				CLANG_ENABLE_OBJC_ARC = YES;
				CLANG_WARN_BOOL_CONVERSION = YES;
				CLANG_WARN_CONSTANT_CONVERSION = YES;
				CLANG_WARN_DIRECT_OBJC_ISA_USAGE = YES_ERROR;
				CLANG_WARN_EMPTY_BODY = YES;
				CLANG_WARN_ENUM_CONVERSION = YES;
				CLANG_WARN_INT_CONVERSION = YES;
				CLANG_WARN_OBJC_ROOT_CLASS = YES_ERROR;
				CLANG_WARN_UNREACHABLE_CODE = YES;
				CLANG_WARN__DUPLICATE_METHOD_MATCH = YES;
				"CODE_SIGN_IDENTITY[sdk=iphoneos*]" = "iPhone Developer";
				COPY_PHASE_STRIP = NO;
				DEBUG_INFORMATION_FORMAT = dwarf;
				ENABLE_STRICT_OBJC_MSGSEND = YES;
				ENABLE_TESTABILITY = YES;
				GCC_C_LANGUAGE_STANDARD = gnu99;
				GCC_DYNAMIC_NO_PIC = NO;
				GCC_NO_COMMON_BLOCKS = YES;
				GCC_OPTIMIZATION_LEVEL = 0;
				GCC_PREPROCESSOR_DEFINITIONS = (
					"DEBUG=1",
					"$(inherited)",
				);
				GCC_WARN_64_TO_32_BIT_CONVERSION = YES;
				GCC_WARN_ABOUT_RETURN_TYPE = YES_ERROR;
				GCC_WARN_UNDECLARED_SELECTOR = YES;
				GCC_WARN_UNINITIALIZED_AUTOS = YES_AGGRESSIVE;
				GCC_WARN_UNUSED_FUNCTION = YES;
				GCC_WARN_UNUSED_VARIABLE = YES;
				IPHONEOS_DEPLOYMENT_TARGET = 8.0;
				MTL_ENABLE_DEBUG_INFO = YES;
				ONLY_ACTIVE_ARCH = YES;
				SDKROOT = iphoneos;
				SWIFT_OPTIMIZATION_LEVEL = "-Onone";
			};
			name = Debug;
		};
		EA5BB0BC1C050CD000ED2FF5 /* Release */ = {
			isa = XCBuildConfiguration;
			buildSettings = {
				ALWAYS_SEARCH_USER_PATHS = NO;
				CLANG_CXX_LANGUAGE_STANDARD = "gnu++0x";
				CLANG_CXX_LIBRARY = "libc++";
				CLANG_ENABLE_MODULES = YES;
				CLANG_ENABLE_OBJC_ARC = YES;
				CLANG_WARN_BOOL_CONVERSION = YES;
				CLANG_WARN_CONSTANT_CONVERSION = YES;
				CLANG_WARN_DIRECT_OBJC_ISA_USAGE = YES_ERROR;
				CLANG_WARN_EMPTY_BODY = YES;
				CLANG_WARN_ENUM_CONVERSION = YES;
				CLANG_WARN_INT_CONVERSION = YES;
				CLANG_WARN_OBJC_ROOT_CLASS = YES_ERROR;
				CLANG_WARN_UNREACHABLE_CODE = YES;
				CLANG_WARN__DUPLICATE_METHOD_MATCH = YES;
				"CODE_SIGN_IDENTITY[sdk=iphoneos*]" = "iPhone Developer";
				COPY_PHASE_STRIP = NO;
				DEBUG_INFORMATION_FORMAT = "dwarf-with-dsym";
				ENABLE_NS_ASSERTIONS = NO;
				ENABLE_STRICT_OBJC_MSGSEND = YES;
				GCC_C_LANGUAGE_STANDARD = gnu99;
				GCC_NO_COMMON_BLOCKS = YES;
				GCC_WARN_64_TO_32_BIT_CONVERSION = YES;
				GCC_WARN_ABOUT_RETURN_TYPE = YES_ERROR;
				GCC_WARN_UNDECLARED_SELECTOR = YES;
				GCC_WARN_UNINITIALIZED_AUTOS = YES_AGGRESSIVE;
				GCC_WARN_UNUSED_FUNCTION = YES;
				GCC_WARN_UNUSED_VARIABLE = YES;
				IPHONEOS_DEPLOYMENT_TARGET = 8.0;
				MTL_ENABLE_DEBUG_INFO = NO;
				SDKROOT = iphoneos;
				VALIDATE_PRODUCT = YES;
			};
			name = Release;
		};
/* End XCBuildConfiguration section */

/* Begin XCConfigurationList section */
		7ED4071B1C51543100EBA64B /* Build configuration list for PBXNativeTarget "XAnimatedImageDemo" */ = {
			isa = XCConfigurationList;
			buildConfigurations = (
				7ED4071C1C51543100EBA64B /* Debug */,
				7ED4071D1C51543100EBA64B /* Release */,
			);
			defaultConfigurationIsVisible = 0;
			defaultConfigurationName = Release;
		};
		7ED4073F1C5154B900EBA64B /* Build configuration list for PBXNativeTarget "XAnimatedImage" */ = {
			isa = XCConfigurationList;
			buildConfigurations = (
				7ED407401C5154B900EBA64B /* Debug */,
				7ED407411C5154B900EBA64B /* Release */,
			);
			defaultConfigurationIsVisible = 0;
			defaultConfigurationName = Release;
		};
		7ED407421C5154B900EBA64B /* Build configuration list for PBXNativeTarget "XAnimatedImageTests" */ = {
			isa = XCConfigurationList;
			buildConfigurations = (
				7ED407431C5154B900EBA64B /* Debug */,
				7ED407441C5154B900EBA64B /* Release */,
			);
			defaultConfigurationIsVisible = 0;
			defaultConfigurationName = Release;
		};
		EA5BB0901C050CD000ED2FF5 /* Build configuration list for PBXProject "XAnimatedImage" */ = {
			isa = XCConfigurationList;
			buildConfigurations = (
				EA5BB0BB1C050CD000ED2FF5 /* Debug */,
				EA5BB0BC1C050CD000ED2FF5 /* Release */,
			);
			defaultConfigurationIsVisible = 0;
			defaultConfigurationName = Release;
		};
/* End XCConfigurationList section */
	};
	rootObject = EA5BB08D1C050CD000ED2FF5 /* Project object */;
}
