// !$*UTF8*$!
{
	archiveVersion = 1;
	classes = {
	};
	objectVersion = 46;
	objects = {

/* Begin PBXBuildFile section */
		EA5BB0991C050CD000ED2FF5 /* AppDelegate.swift in Sources */ = {isa = PBXBuildFile; fileRef = EA5BB0981C050CD000ED2FF5 /* AppDelegate.swift */; };
		EA5BB09B1C050CD000ED2FF5 /* ViewController.swift in Sources */ = {isa = PBXBuildFile; fileRef = EA5BB09A1C050CD000ED2FF5 /* ViewController.swift */; };
		EA5BB09E1C050CD000ED2FF5 /* Main.storyboard in Resources */ = {isa = PBXBuildFile; fileRef = EA5BB09C1C050CD000ED2FF5 /* Main.storyboard */; };
		EA5BB0A01C050CD000ED2FF5 /* Assets.xcassets in Resources */ = {isa = PBXBuildFile; fileRef = EA5BB09F1C050CD000ED2FF5 /* Assets.xcassets */; };
		EA5BB0A31C050CD000ED2FF5 /* LaunchScreen.storyboard in Resources */ = {isa = PBXBuildFile; fileRef = EA5BB0A11C050CD000ED2FF5 /* LaunchScreen.storyboard */; };
		EA5BB0AE1C050CD000ED2FF5 /* XAnimatedImageTests.swift in Sources */ = {isa = PBXBuildFile; fileRef = EA5BB0AD1C050CD000ED2FF5 /* XAnimatedImageTests.swift */; };
		EA5BB0B91C050CD000ED2FF5 /* XAnimatedImageUITests.swift in Sources */ = {isa = PBXBuildFile; fileRef = EA5BB0B81C050CD000ED2FF5 /* XAnimatedImageUITests.swift */; };
		EA5BB0C81C05530B00ED2FF5 /* XAnimatedImage.swift in Sources */ = {isa = PBXBuildFile; fileRef = EA5BB0C71C05530B00ED2FF5 /* XAnimatedImage.swift */; };
		EA5BB0CA1C05534100ED2FF5 /* XAnimatedImageView.swift in Sources */ = {isa = PBXBuildFile; fileRef = EA5BB0C91C05534100ED2FF5 /* XAnimatedImageView.swift */; };
		EA5BB0CC1C05536300ED2FF5 /* XWeakProxy.swift in Sources */ = {isa = PBXBuildFile; fileRef = EA5BB0CB1C05536300ED2FF5 /* XWeakProxy.swift */; };
		EA5BB0D11C05631300ED2FF5 /* DebugView.swift in Sources */ = {isa = PBXBuildFile; fileRef = EA5BB0D01C05631300ED2FF5 /* DebugView.swift */; };
		EA5BB0D51C0563D700ED2FF5 /* FrameCacheView.swift in Sources */ = {isa = PBXBuildFile; fileRef = EA5BB0D41C0563D700ED2FF5 /* FrameCacheView.swift */; };
		EAB795271C0C51A400E15EE1 /* low.gif in Resources */ = {isa = PBXBuildFile; fileRef = EAB795241C0C51A400E15EE1 /* low.gif */; };
		EAB795281C0C51A400E15EE1 /* mid.gif in Resources */ = {isa = PBXBuildFile; fileRef = EAB795251C0C51A400E15EE1 /* mid.gif */; };
		EAB795291C0C51A400E15EE1 /* hi.gif in Resources */ = {isa = PBXBuildFile; fileRef = EAB795261C0C51A400E15EE1 /* hi.gif */; };
/* End PBXBuildFile section */

/* Begin PBXContainerItemProxy section */
		EA5BB0AA1C050CD000ED2FF5 /* PBXContainerItemProxy */ = {
			isa = PBXContainerItemProxy;
			containerPortal = EA5BB08D1C050CD000ED2FF5 /* Project object */;
			proxyType = 1;
			remoteGlobalIDString = EA5BB0941C050CD000ED2FF5;
			remoteInfo = XAnimatedImage;
		};
		EA5BB0B51C050CD000ED2FF5 /* PBXContainerItemProxy */ = {
			isa = PBXContainerItemProxy;
			containerPortal = EA5BB08D1C050CD000ED2FF5 /* Project object */;
			proxyType = 1;
			remoteGlobalIDString = EA5BB0941C050CD000ED2FF5;
			remoteInfo = XAnimatedImage;
		};
/* End PBXContainerItemProxy section */

/* Begin PBXFileReference section */
		EA5BB0951C050CD000ED2FF5 /* XAnimatedImage.app */ = {isa = PBXFileReference; explicitFileType = wrapper.application; includeInIndex = 0; path = XAnimatedImage.app; sourceTree = BUILT_PRODUCTS_DIR; };
		EA5BB0981C050CD000ED2FF5 /* AppDelegate.swift */ = {isa = PBXFileReference; lastKnownFileType = sourcecode.swift; path = AppDelegate.swift; sourceTree = "<group>"; };
		EA5BB09A1C050CD000ED2FF5 /* ViewController.swift */ = {isa = PBXFileReference; lastKnownFileType = sourcecode.swift; path = ViewController.swift; sourceTree = "<group>"; };
		EA5BB09D1C050CD000ED2FF5 /* Base */ = {isa = PBXFileReference; lastKnownFileType = file.storyboard; name = Base; path = Base.lproj/Main.storyboard; sourceTree = "<group>"; };
		EA5BB09F1C050CD000ED2FF5 /* Assets.xcassets */ = {isa = PBXFileReference; lastKnownFileType = folder.assetcatalog; path = Assets.xcassets; sourceTree = "<group>"; };
		EA5BB0A21C050CD000ED2FF5 /* Base */ = {isa = PBXFileReference; lastKnownFileType = file.storyboard; name = Base; path = Base.lproj/LaunchScreen.storyboard; sourceTree = "<group>"; };
		EA5BB0A41C050CD000ED2FF5 /* Info.plist */ = {isa = PBXFileReference; lastKnownFileType = text.plist.xml; path = Info.plist; sourceTree = "<group>"; };
		EA5BB0A91C050CD000ED2FF5 /* XAnimatedImageTests.xctest */ = {isa = PBXFileReference; explicitFileType = wrapper.cfbundle; includeInIndex = 0; path = XAnimatedImageTests.xctest; sourceTree = BUILT_PRODUCTS_DIR; };
		EA5BB0AD1C050CD000ED2FF5 /* XAnimatedImageTests.swift */ = {isa = PBXFileReference; lastKnownFileType = sourcecode.swift; path = XAnimatedImageTests.swift; sourceTree = "<group>"; };
		EA5BB0AF1C050CD000ED2FF5 /* Info.plist */ = {isa = PBXFileReference; lastKnownFileType = text.plist.xml; path = Info.plist; sourceTree = "<group>"; };
		EA5BB0B41C050CD000ED2FF5 /* XAnimatedImageUITests.xctest */ = {isa = PBXFileReference; explicitFileType = wrapper.cfbundle; includeInIndex = 0; path = XAnimatedImageUITests.xctest; sourceTree = BUILT_PRODUCTS_DIR; };
		EA5BB0B81C050CD000ED2FF5 /* XAnimatedImageUITests.swift */ = {isa = PBXFileReference; lastKnownFileType = sourcecode.swift; path = XAnimatedImageUITests.swift; sourceTree = "<group>"; };
		EA5BB0BA1C050CD000ED2FF5 /* Info.plist */ = {isa = PBXFileReference; lastKnownFileType = text.plist.xml; path = Info.plist; sourceTree = "<group>"; };
		EA5BB0C71C05530B00ED2FF5 /* XAnimatedImage.swift */ = {isa = PBXFileReference; fileEncoding = 4; lastKnownFileType = sourcecode.swift; path = XAnimatedImage.swift; sourceTree = "<group>"; };
		EA5BB0C91C05534100ED2FF5 /* XAnimatedImageView.swift */ = {isa = PBXFileReference; fileEncoding = 4; lastKnownFileType = sourcecode.swift; path = XAnimatedImageView.swift; sourceTree = "<group>"; };
		EA5BB0CB1C05536300ED2FF5 /* XWeakProxy.swift */ = {isa = PBXFileReference; fileEncoding = 4; lastKnownFileType = sourcecode.swift; path = XWeakProxy.swift; sourceTree = "<group>"; };
		EA5BB0D01C05631300ED2FF5 /* DebugView.swift */ = {isa = PBXFileReference; fileEncoding = 4; lastKnownFileType = sourcecode.swift; path = DebugView.swift; sourceTree = "<group>"; };
		EA5BB0D41C0563D700ED2FF5 /* FrameCacheView.swift */ = {isa = PBXFileReference; fileEncoding = 4; lastKnownFileType = sourcecode.swift; path = FrameCacheView.swift; sourceTree = "<group>"; };
		EAB795241C0C51A400E15EE1 /* low.gif */ = {isa = PBXFileReference; lastKnownFileType = image.gif; path = low.gif; sourceTree = "<group>"; };
		EAB795251C0C51A400E15EE1 /* mid.gif */ = {isa = PBXFileReference; lastKnownFileType = image.gif; path = mid.gif; sourceTree = "<group>"; };
		EAB795261C0C51A400E15EE1 /* hi.gif */ = {isa = PBXFileReference; lastKnownFileType = image.gif; path = hi.gif; sourceTree = "<group>"; };
/* End PBXFileReference section */

/* Begin PBXFrameworksBuildPhase section */
		EA5BB0921C050CD000ED2FF5 /* Frameworks */ = {
			isa = PBXFrameworksBuildPhase;
			buildActionMask = 2147483647;
			files = (
			);
			runOnlyForDeploymentPostprocessing = 0;
		};
		EA5BB0A61C050CD000ED2FF5 /* Frameworks */ = {
			isa = PBXFrameworksBuildPhase;
			buildActionMask = 2147483647;
			files = (
			);
			runOnlyForDeploymentPostprocessing = 0;
		};
		EA5BB0B11C050CD000ED2FF5 /* Frameworks */ = {
			isa = PBXFrameworksBuildPhase;
			buildActionMask = 2147483647;
			files = (
			);
			runOnlyForDeploymentPostprocessing = 0;
		};
/* End PBXFrameworksBuildPhase section */

/* Begin PBXGroup section */
		EA5BB08C1C050CD000ED2FF5 = {
			isa = PBXGroup;
			children = (
				EA5BB0971C050CD000ED2FF5 /* XAnimatedImage */,
				EA5BB0AC1C050CD000ED2FF5 /* XAnimatedImageTests */,
				EA5BB0B71C050CD000ED2FF5 /* XAnimatedImageUITests */,
				EA5BB0961C050CD000ED2FF5 /* Products */,
			);
			sourceTree = "<group>";
		};
		EA5BB0961C050CD000ED2FF5 /* Products */ = {
			isa = PBXGroup;
			children = (
				EA5BB0951C050CD000ED2FF5 /* XAnimatedImage.app */,
				EA5BB0A91C050CD000ED2FF5 /* XAnimatedImageTests.xctest */,
				EA5BB0B41C050CD000ED2FF5 /* XAnimatedImageUITests.xctest */,
			);
			name = Products;
			sourceTree = "<group>";
		};
		EA5BB0971C050CD000ED2FF5 /* XAnimatedImage */ = {
			isa = PBXGroup;
			children = (
				EA5BB0981C050CD000ED2FF5 /* AppDelegate.swift */,
				EA5BB09A1C050CD000ED2FF5 /* ViewController.swift */,
				EA5BB09C1C050CD000ED2FF5 /* Main.storyboard */,
				EA5BB09F1C050CD000ED2FF5 /* Assets.xcassets */,
				EA5BB0A11C050CD000ED2FF5 /* LaunchScreen.storyboard */,
				EA5BB0A41C050CD000ED2FF5 /* Info.plist */,
				EA5BB0CD1C0553E000ED2FF5 /* Other */,
				EA5BB0C61C0552E600ED2FF5 /* Classes */,
			);
			path = XAnimatedImage;
			sourceTree = "<group>";
		};
		EA5BB0AC1C050CD000ED2FF5 /* XAnimatedImageTests */ = {
			isa = PBXGroup;
			children = (
				EA5BB0AD1C050CD000ED2FF5 /* XAnimatedImageTests.swift */,
				EA5BB0AF1C050CD000ED2FF5 /* Info.plist */,
			);
			path = XAnimatedImageTests;
			sourceTree = "<group>";
		};
		EA5BB0B71C050CD000ED2FF5 /* XAnimatedImageUITests */ = {
			isa = PBXGroup;
			children = (
				EA5BB0B81C050CD000ED2FF5 /* XAnimatedImageUITests.swift */,
				EA5BB0BA1C050CD000ED2FF5 /* Info.plist */,
			);
			path = XAnimatedImageUITests;
			sourceTree = "<group>";
		};
		EA5BB0C61C0552E600ED2FF5 /* Classes */ = {
			isa = PBXGroup;
			children = (
				EA5BB0C71C05530B00ED2FF5 /* XAnimatedImage.swift */,
				EA5BB0C91C05534100ED2FF5 /* XAnimatedImageView.swift */,
				EA5BB0CB1C05536300ED2FF5 /* XWeakProxy.swift */,
			);
			name = Classes;
			sourceTree = "<group>";
		};
		EA5BB0CD1C0553E000ED2FF5 /* Other */ = {
			isa = PBXGroup;
			children = (
				EAB795241C0C51A400E15EE1 /* low.gif */,
				EAB795251C0C51A400E15EE1 /* mid.gif */,
				EAB795261C0C51A400E15EE1 /* hi.gif */,
				EA5BB0D01C05631300ED2FF5 /* DebugView.swift */,
				EA5BB0D41C0563D700ED2FF5 /* FrameCacheView.swift */,
			);
			name = Other;
			sourceTree = "<group>";
		};
/* End PBXGroup section */

/* Begin PBXNativeTarget section */
		EA5BB0941C050CD000ED2FF5 /* XAnimatedImage */ = {
			isa = PBXNativeTarget;
			buildConfigurationList = EA5BB0BD1C050CD000ED2FF5 /* Build configuration list for PBXNativeTarget "XAnimatedImage" */;
			buildPhases = (
				EA5BB0911C050CD000ED2FF5 /* Sources */,
				EA5BB0921C050CD000ED2FF5 /* Frameworks */,
				EA5BB0931C050CD000ED2FF5 /* Resources */,
			);
			buildRules = (
			);
			dependencies = (
			);
			name = XAnimatedImage;
			productName = XAnimatedImage;
			productReference = EA5BB0951C050CD000ED2FF5 /* XAnimatedImage.app */;
			productType = "com.apple.product-type.application";
		};
		EA5BB0A81C050CD000ED2FF5 /* XAnimatedImageTests */ = {
			isa = PBXNativeTarget;
			buildConfigurationList = EA5BB0C01C050CD000ED2FF5 /* Build configuration list for PBXNativeTarget "XAnimatedImageTests" */;
			buildPhases = (
				EA5BB0A51C050CD000ED2FF5 /* Sources */,
				EA5BB0A61C050CD000ED2FF5 /* Frameworks */,
				EA5BB0A71C050CD000ED2FF5 /* Resources */,
			);
			buildRules = (
			);
			dependencies = (
				EA5BB0AB1C050CD000ED2FF5 /* PBXTargetDependency */,
			);
			name = XAnimatedImageTests;
			productName = XAnimatedImageTests;
			productReference = EA5BB0A91C050CD000ED2FF5 /* XAnimatedImageTests.xctest */;
			productType = "com.apple.product-type.bundle.unit-test";
		};
		EA5BB0B31C050CD000ED2FF5 /* XAnimatedImageUITests */ = {
			isa = PBXNativeTarget;
			buildConfigurationList = EA5BB0C31C050CD000ED2FF5 /* Build configuration list for PBXNativeTarget "XAnimatedImageUITests" */;
			buildPhases = (
				EA5BB0B01C050CD000ED2FF5 /* Sources */,
				EA5BB0B11C050CD000ED2FF5 /* Frameworks */,
				EA5BB0B21C050CD000ED2FF5 /* Resources */,
			);
			buildRules = (
			);
			dependencies = (
				EA5BB0B61C050CD000ED2FF5 /* PBXTargetDependency */,
			);
			name = XAnimatedImageUITests;
			productName = XAnimatedImageUITests;
			productReference = EA5BB0B41C050CD000ED2FF5 /* XAnimatedImageUITests.xctest */;
			productType = "com.apple.product-type.bundle.ui-testing";
		};
/* End PBXNativeTarget section */

/* Begin PBXProject section */
		EA5BB08D1C050CD000ED2FF5 /* Project object */ = {
			isa = PBXProject;
			attributes = {
				LastSwiftUpdateCheck = 0710;
				LastUpgradeCheck = 0710;
				ORGANIZATIONNAME = "Khaled Taha";
				TargetAttributes = {
					EA5BB0941C050CD000ED2FF5 = {
						CreatedOnToolsVersion = 7.1.1;
						DevelopmentTeam = CM838HC5Y3;
					};
					EA5BB0A81C050CD000ED2FF5 = {
						CreatedOnToolsVersion = 7.1.1;
						DevelopmentTeam = CM838HC5Y3;
						TestTargetID = EA5BB0941C050CD000ED2FF5;
					};
					EA5BB0B31C050CD000ED2FF5 = {
						CreatedOnToolsVersion = 7.1.1;
						DevelopmentTeam = CM838HC5Y3;
						TestTargetID = EA5BB0941C050CD000ED2FF5;
					};
				};
			};
			buildConfigurationList = EA5BB0901C050CD000ED2FF5 /* Build configuration list for PBXProject "XAnimatedImage" */;
			compatibilityVersion = "Xcode 3.2";
			developmentRegion = English;
			hasScannedForEncodings = 0;
			knownRegions = (
				en,
				Base,
			);
			mainGroup = EA5BB08C1C050CD000ED2FF5;
			productRefGroup = EA5BB0961C050CD000ED2FF5 /* Products */;
			projectDirPath = "";
			projectRoot = "";
			targets = (
				EA5BB0941C050CD000ED2FF5 /* XAnimatedImage */,
				EA5BB0A81C050CD000ED2FF5 /* XAnimatedImageTests */,
				EA5BB0B31C050CD000ED2FF5 /* XAnimatedImageUITests */,
			);
		};
/* End PBXProject section */

/* Begin PBXResourcesBuildPhase section */
		EA5BB0931C050CD000ED2FF5 /* Resources */ = {
			isa = PBXResourcesBuildPhase;
			buildActionMask = 2147483647;
			files = (
				EAB795281C0C51A400E15EE1 /* mid.gif in Resources */,
				EA5BB0A31C050CD000ED2FF5 /* LaunchScreen.storyboard in Resources */,
				EA5BB0A01C050CD000ED2FF5 /* Assets.xcassets in Resources */,
				EAB795291C0C51A400E15EE1 /* hi.gif in Resources */,
				EAB795271C0C51A400E15EE1 /* low.gif in Resources */,
				EA5BB09E1C050CD000ED2FF5 /* Main.storyboard in Resources */,
			);
			runOnlyForDeploymentPostprocessing = 0;
		};
		EA5BB0A71C050CD000ED2FF5 /* Resources */ = {
			isa = PBXResourcesBuildPhase;
			buildActionMask = 2147483647;
			files = (
			);
			runOnlyForDeploymentPostprocessing = 0;
		};
		EA5BB0B21C050CD000ED2FF5 /* Resources */ = {
			isa = PBXResourcesBuildPhase;
			buildActionMask = 2147483647;
			files = (
			);
			runOnlyForDeploymentPostprocessing = 0;
		};
/* End PBXResourcesBuildPhase section */

/* Begin PBXSourcesBuildPhase section */
		EA5BB0911C050CD000ED2FF5 /* Sources */ = {
			isa = PBXSourcesBuildPhase;
			buildActionMask = 2147483647;
			files = (
				EA5BB0D11C05631300ED2FF5 /* DebugView.swift in Sources */,
				EA5BB0D51C0563D700ED2FF5 /* FrameCacheView.swift in Sources */,
				EA5BB0CA1C05534100ED2FF5 /* XAnimatedImageView.swift in Sources */,
				EA5BB0CC1C05536300ED2FF5 /* XWeakProxy.swift in Sources */,
				EA5BB0C81C05530B00ED2FF5 /* XAnimatedImage.swift in Sources */,
				EA5BB09B1C050CD000ED2FF5 /* ViewController.swift in Sources */,
				EA5BB0991C050CD000ED2FF5 /* AppDelegate.swift in Sources */,
			);
			runOnlyForDeploymentPostprocessing = 0;
		};
		EA5BB0A51C050CD000ED2FF5 /* Sources */ = {
			isa = PBXSourcesBuildPhase;
			buildActionMask = 2147483647;
			files = (
				EA5BB0AE1C050CD000ED2FF5 /* XAnimatedImageTests.swift in Sources */,
			);
			runOnlyForDeploymentPostprocessing = 0;
		};
		EA5BB0B01C050CD000ED2FF5 /* Sources */ = {
			isa = PBXSourcesBuildPhase;
			buildActionMask = 2147483647;
			files = (
				EA5BB0B91C050CD000ED2FF5 /* XAnimatedImageUITests.swift in Sources */,
			);
			runOnlyForDeploymentPostprocessing = 0;
		};
/* End PBXSourcesBuildPhase section */

/* Begin PBXTargetDependency section */
		EA5BB0AB1C050CD000ED2FF5 /* PBXTargetDependency */ = {
			isa = PBXTargetDependency;
			target = EA5BB0941C050CD000ED2FF5 /* XAnimatedImage */;
			targetProxy = EA5BB0AA1C050CD000ED2FF5 /* PBXContainerItemProxy */;
		};
		EA5BB0B61C050CD000ED2FF5 /* PBXTargetDependency */ = {
			isa = PBXTargetDependency;
			target = EA5BB0941C050CD000ED2FF5 /* XAnimatedImage */;
			targetProxy = EA5BB0B51C050CD000ED2FF5 /* PBXContainerItemProxy */;
		};
/* End PBXTargetDependency section */

/* Begin PBXVariantGroup section */
		EA5BB09C1C050CD000ED2FF5 /* Main.storyboard */ = {
			isa = PBXVariantGroup;
			children = (
				EA5BB09D1C050CD000ED2FF5 /* Base */,
			);
			name = Main.storyboard;
			sourceTree = "<group>";
		};
		EA5BB0A11C050CD000ED2FF5 /* LaunchScreen.storyboard */ = {
			isa = PBXVariantGroup;
			children = (
				EA5BB0A21C050CD000ED2FF5 /* Base */,
			);
			name = LaunchScreen.storyboard;
			sourceTree = "<group>";
		};
/* End PBXVariantGroup section */

/* Begin XCBuildConfiguration section */
		EA5BB0BB1C050CD000ED2FF5 /* Debug */ = {
			isa = XCBuildConfiguration;
			buildSettings = {
				ALWAYS_SEARCH_USER_PATHS = NO;
				CLANG_CXX_LANGUAGE_STANDARD = "gnu++0x";
				CLANG_CXX_LIBRARY = "libc++";
				CLANG_ENABLE_MODULES = YES;
				CLANG_ENABLE_OBJC_ARC = YES;
				CLANG_WARN_BOOL_CONVERSION = YES;
				CLANG_WARN_CONSTANT_CONVERSION = YES;
				CLANG_WARN_DIRECT_OBJC_ISA_USAGE = YES_ERROR;
				CLANG_WARN_EMPTY_BODY = YES;
				CLANG_WARN_ENUM_CONVERSION = YES;
				CLANG_WARN_INT_CONVERSION = YES;
				CLANG_WARN_OBJC_ROOT_CLASS = YES_ERROR;
				CLANG_WARN_UNREACHABLE_CODE = YES;
				CLANG_WARN__DUPLICATE_METHOD_MATCH = YES;
				"CODE_SIGN_IDENTITY[sdk=iphoneos*]" = "iPhone Developer";
				COPY_PHASE_STRIP = NO;
				DEBUG_INFORMATION_FORMAT = dwarf;
				ENABLE_STRICT_OBJC_MSGSEND = YES;
				ENABLE_TESTABILITY = YES;
				GCC_C_LANGUAGE_STANDARD = gnu99;
				GCC_DYNAMIC_NO_PIC = NO;
				GCC_NO_COMMON_BLOCKS = YES;
				GCC_OPTIMIZATION_LEVEL = 0;
				GCC_PREPROCESSOR_DEFINITIONS = (
					"DEBUG=1",
					"$(inherited)",
				);
				GCC_WARN_64_TO_32_BIT_CONVERSION = YES;
				GCC_WARN_ABOUT_RETURN_TYPE = YES_ERROR;
				GCC_WARN_UNDECLARED_SELECTOR = YES;
				GCC_WARN_UNINITIALIZED_AUTOS = YES_AGGRESSIVE;
				GCC_WARN_UNUSED_FUNCTION = YES;
				GCC_WARN_UNUSED_VARIABLE = YES;
				IPHONEOS_DEPLOYMENT_TARGET = 9.1;
				MTL_ENABLE_DEBUG_INFO = YES;
				ONLY_ACTIVE_ARCH = YES;
				SDKROOT = iphoneos;
				SWIFT_OPTIMIZATION_LEVEL = "-Onone";
			};
			name = Debug;
		};
		EA5BB0BC1C050CD000ED2FF5 /* Release */ = {
			isa = XCBuildConfiguration;
			buildSettings = {
				ALWAYS_SEARCH_USER_PATHS = NO;
				CLANG_CXX_LANGUAGE_STANDARD = "gnu++0x";
				CLANG_CXX_LIBRARY = "libc++";
				CLANG_ENABLE_MODULES = YES;
				CLANG_ENABLE_OBJC_ARC = YES;
				CLANG_WARN_BOOL_CONVERSION = YES;
				CLANG_WARN_CONSTANT_CONVERSION = YES;
				CLANG_WARN_DIRECT_OBJC_ISA_USAGE = YES_ERROR;
				CLANG_WARN_EMPTY_BODY = YES;
				CLANG_WARN_ENUM_CONVERSION = YES;
				CLANG_WARN_INT_CONVERSION = YES;
				CLANG_WARN_OBJC_ROOT_CLASS = YES_ERROR;
				CLANG_WARN_UNREACHABLE_CODE = YES;
				CLANG_WARN__DUPLICATE_METHOD_MATCH = YES;
				"CODE_SIGN_IDENTITY[sdk=iphoneos*]" = "iPhone Developer";
				COPY_PHASE_STRIP = NO;
				DEBUG_INFORMATION_FORMAT = "dwarf-with-dsym";
				ENABLE_NS_ASSERTIONS = NO;
				ENABLE_STRICT_OBJC_MSGSEND = YES;
				GCC_C_LANGUAGE_STANDARD = gnu99;
				GCC_NO_COMMON_BLOCKS = YES;
				GCC_WARN_64_TO_32_BIT_CONVERSION = YES;
				GCC_WARN_ABOUT_RETURN_TYPE = YES_ERROR;
				GCC_WARN_UNDECLARED_SELECTOR = YES;
				GCC_WARN_UNINITIALIZED_AUTOS = YES_AGGRESSIVE;
				GCC_WARN_UNUSED_FUNCTION = YES;
				GCC_WARN_UNUSED_VARIABLE = YES;
				IPHONEOS_DEPLOYMENT_TARGET = 9.1;
				MTL_ENABLE_DEBUG_INFO = NO;
				SDKROOT = iphoneos;
				VALIDATE_PRODUCT = YES;
			};
			name = Release;
		};
		EA5BB0BE1C050CD000ED2FF5 /* Debug */ = {
			isa = XCBuildConfiguration;
			buildSettings = {
				ASSETCATALOG_COMPILER_APPICON_NAME = AppIcon;
				INFOPLIST_FILE = XAnimatedImage/Info.plist;
				IPHONEOS_DEPLOYMENT_TARGET = 7.1;
				LD_RUNPATH_SEARCH_PATHS = "$(inherited) @executable_path/Frameworks";
				PRODUCT_BUNDLE_IDENTIFIER = tahakhaled.XAnimatedImage;
				PRODUCT_NAME = "$(TARGET_NAME)";
			};
			name = Debug;
		};
		EA5BB0BF1C050CD000ED2FF5 /* Release */ = {
			isa = XCBuildConfiguration;
			buildSettings = {
				ASSETCATALOG_COMPILER_APPICON_NAME = AppIcon;
				INFOPLIST_FILE = XAnimatedImage/Info.plist;
				IPHONEOS_DEPLOYMENT_TARGET = 7.1;
				LD_RUNPATH_SEARCH_PATHS = "$(inherited) @executable_path/Frameworks";
				PRODUCT_BUNDLE_IDENTIFIER = tahakhaled.XAnimatedImage;
				PRODUCT_NAME = "$(TARGET_NAME)";
			};
			name = Release;
		};
		EA5BB0C11C050CD000ED2FF5 /* Debug */ = {
			isa = XCBuildConfiguration;
			buildSettings = {
				BUNDLE_LOADER = "$(TEST_HOST)";
				INFOPLIST_FILE = XAnimatedImageTests/Info.plist;
				LD_RUNPATH_SEARCH_PATHS = "$(inherited) @executable_path/Frameworks @loader_path/Frameworks";
				PRODUCT_BUNDLE_IDENTIFIER = tahakhaled.XAnimatedImageTests;
				PRODUCT_NAME = "$(TARGET_NAME)";
				TEST_HOST = "$(BUILT_PRODUCTS_DIR)/XAnimatedImage.app/XAnimatedImage";
			};
			name = Debug;
		};
		EA5BB0C21C050CD000ED2FF5 /* Release */ = {
			isa = XCBuildConfiguration;
			buildSettings = {
				BUNDLE_LOADER = "$(TEST_HOST)";
				INFOPLIST_FILE = XAnimatedImageTests/Info.plist;
				LD_RUNPATH_SEARCH_PATHS = "$(inherited) @executable_path/Frameworks @loader_path/Frameworks";
				PRODUCT_BUNDLE_IDENTIFIER = tahakhaled.XAnimatedImageTests;
				PRODUCT_NAME = "$(TARGET_NAME)";
				TEST_HOST = "$(BUILT_PRODUCTS_DIR)/XAnimatedImage.app/XAnimatedImage";
			};
			name = Release;
		};
		EA5BB0C41C050CD000ED2FF5 /* Debug */ = {
			isa = XCBuildConfiguration;
			buildSettings = {
				INFOPLIST_FILE = XAnimatedImageUITests/Info.plist;
				LD_RUNPATH_SEARCH_PATHS = "$(inherited) @executable_path/Frameworks @loader_path/Frameworks";
				PRODUCT_BUNDLE_IDENTIFIER = tahakhaled.XAnimatedImageUITests;
				PRODUCT_NAME = "$(TARGET_NAME)";
				TEST_TARGET_NAME = XAnimatedImage;
				USES_XCTRUNNER = YES;
			};
			name = Debug;
		};
		EA5BB0C51C050CD000ED2FF5 /* Release */ = {
			isa = XCBuildConfiguration;
			buildSettings = {
				INFOPLIST_FILE = XAnimatedImageUITests/Info.plist;
				LD_RUNPATH_SEARCH_PATHS = "$(inherited) @executable_path/Frameworks @loader_path/Frameworks";
				PRODUCT_BUNDLE_IDENTIFIER = tahakhaled.XAnimatedImageUITests;
				PRODUCT_NAME = "$(TARGET_NAME)";
				TEST_TARGET_NAME = XAnimatedImage;
				USES_XCTRUNNER = YES;
			};
			name = Release;
		};
/* End XCBuildConfiguration section */

/* Begin XCConfigurationList section */
		EA5BB0901C050CD000ED2FF5 /* Build configuration list for PBXProject "XAnimatedImage" */ = {
			isa = XCConfigurationList;
			buildConfigurations = (
				EA5BB0BB1C050CD000ED2FF5 /* Debug */,
				EA5BB0BC1C050CD000ED2FF5 /* Release */,
			);
			defaultConfigurationIsVisible = 0;
			defaultConfigurationName = Release;
		};
		EA5BB0BD1C050CD000ED2FF5 /* Build configuration list for PBXNativeTarget "XAnimatedImage" */ = {
			isa = XCConfigurationList;
			buildConfigurations = (
				EA5BB0BE1C050CD000ED2FF5 /* Debug */,
				EA5BB0BF1C050CD000ED2FF5 /* Release */,
			);
			defaultConfigurationIsVisible = 0;
			defaultConfigurationName = Release;
		};
		EA5BB0C01C050CD000ED2FF5 /* Build configuration list for PBXNativeTarget "XAnimatedImageTests" */ = {
			isa = XCConfigurationList;
			buildConfigurations = (
				EA5BB0C11C050CD000ED2FF5 /* Debug */,
				EA5BB0C21C050CD000ED2FF5 /* Release */,
			);
			defaultConfigurationIsVisible = 0;
			defaultConfigurationName = Release;
		};
		EA5BB0C31C050CD000ED2FF5 /* Build configuration list for PBXNativeTarget "XAnimatedImageUITests" */ = {
			isa = XCConfigurationList;
			buildConfigurations = (
				EA5BB0C41C050CD000ED2FF5 /* Debug */,
				EA5BB0C51C050CD000ED2FF5 /* Release */,
			);
			defaultConfigurationIsVisible = 0;
			defaultConfigurationName = Release;
		};
/* End XCConfigurationList section */
	};
	rootObject = EA5BB08D1C050CD000ED2FF5 /* Project object */;
}
